Microsoft Visual Studio Solution File, Format Version 12.00
# Visual Studio Version 17
VisualStudioVersion = 17.5.2.0
MinimumVisualStudioVersion = 10.0.40219.1
Project("{FAE04EC0-301F-11D3-BF4B-00C04F79EFBC}") = "Revistas", "Revistas\Revistas.csproj", "{EE5B6177-0275-C5A4-9803-7C1548C5C526}"
EndProject
Global
	GlobalSection(SolutionConfigurationPlatforms) = preSolution
		Debug|Any CPU = Debug|Any CPU
		Release|Any CPU = Release|Any CPU
	EndGlobalSection
	GlobalSection(ProjectConfigurationPlatforms) = postSolution
		{EE5B6177-0275-C5A4-9803-7C1548C5C526}.Debug|Any CPU.ActiveCfg = Debug|Any CPU
		{EE5B6177-0275-C5A4-9803-7C1548C5C526}.Debug|Any CPU.Build.0 = Debug|Any CPU
		{EE5B6177-0275-C5A4-9803-7C1548C5C526}.Release|Any CPU.ActiveCfg = Release|Any CPU
		{EE5B6177-0275-C5A4-9803-7C1548C5C526}.Release|Any CPU.Build.0 = Release|Any CPU
	EndGlobalSection
	GlobalSection(SolutionProperties) = preSolution
		HideSolutionNode = FALSE
	EndGlobalSection
	GlobalSection(ExtensibilityGlobals) = postSolution
		SolutionGuid = {387863C7-09E3-47DA-BE19-F03E4687AF92}
	EndGlobalSection
EndGlobal
